
Microsoft Visual Studio Solution File, Format Version 12.00
# Visual Studio Version 17
VisualStudioVersion = 17.3.32819.101
MinimumVisualStudioVersion = 10.0.40219.1
Project("{FAE04EC0-301F-11D3-BF4B-00C04F79EFBC}") = "NHACUNGCAP", "NHACUNGCAP\NHACUNGCAP.csproj", "{04AF7614-9D5C-4F55-8C8A-2F609E8699A8}"
EndProject
Global
	GlobalSection(SolutionConfigurationPlatforms) = preSolution
		Debug|Any CPU = Debug|Any CPU
		Release|Any CPU = Release|Any CPU
	EndGlobalSection
	GlobalSection(ProjectConfigurationPlatforms) = postSolution
		{04AF7614-9D5C-4F55-8C8A-2F609E8699A8}.Debug|Any CPU.ActiveCfg = Debug|Any CPU
		{04AF7614-9D5C-4F55-8C8A-2F609E8699A8}.Debug|Any CPU.Build.0 = Debug|Any CPU
		{04AF7614-9D5C-4F55-8C8A-2F609E8699A8}.Release|Any CPU.ActiveCfg = Release|Any CPU
		{04AF7614-9D5C-4F55-8C8A-2F609E8699A8}.Release|Any CPU.Build.0 = Release|Any CPU
	EndGlobalSection
	GlobalSection(SolutionProperties) = preSolution
		HideSolutionNode = FALSE
	EndGlobalSection
	GlobalSection(ExtensibilityGlobals) = postSolution
		SolutionGuid = {6EBB1039-5D72-4175-91F2-6556F2C17B69}
	EndGlobalSection
EndGlobal
